<?xml version="1.0" encoding="utf-8"?>
<Project ToolsVersion="4.0" xmlns="http://schemas.microsoft.com/developer/msbuild/2003">
  <ItemGroup>
    <ClCompile Include="Bullet.cpp" />
    <ClCompile Include="Entity.cpp" />
    <ClCompile Include="FlareMap.cpp" />
    <ClCompile Include="GameState.cpp" />
    <ClCompile Include="GameUtilities.cpp" />
    <ClCompile Include="main.cpp" />
    <ClCompile Include="MainMenu.cpp" />
    <ClCompile Include="Matrix.cpp" />
    <ClCompile Include="Platform.cpp" />
    <ClCompile Include="ShaderProgram.cpp" />
    <ClCompile Include="SheetSprite.cpp" />
    <ClCompile Include="Shooter.cpp" />
  </ItemGroup>
  <ItemGroup>
    <ClInclude Include="Bullet.h" />
    <ClInclude Include="Entity.h" />
    <ClInclude Include="FlareMap.h" />
    <ClInclude Include="GameState.h" />
    <ClInclude Include="GameUtilities.h" />
    <ClInclude Include="mode.h" />
    <ClInclude Include="MainMenu.h" />
    <ClInclude Include="Matrix.h" />
    <ClInclude Include="Platform.h" />
    <ClInclude Include="ShaderProgram.h" />
    <ClInclude Include="SheetSprite.h" />
    <ClInclude Include="Shooter.h" />
  </ItemGroup>
  <ItemGroup>
    <Image Include="..\..\..\..\Desktop\QB.png" />
    <Image Include="..\..\..\CS3113\assets\sprite_sheets\arne_sprites.png" />
  </ItemGroup>
  <ItemGroup>
    <None Include="fragment.glsl" />
    <None Include="fragment_textured.glsl" />
    <None Include="vertex.glsl" />
  </ItemGroup>
  <ItemGroup>
    <Text Include="AITEST.txt" />
    <Text Include="hw4.txt" />
  </ItemGroup>
  <ItemGroup>
    <Media Include="playerJump.wav" />
  </ItemGroup>
</Project>